// !$*UTF8*$!
{
	archiveVersion = 1;
	classes = {
	};
	objectVersion = 55;
	objects = {

/* Begin PBXBuildFile section */
		F012942327D8F27C00D622B8 /* PortfolioContainer.xcdatamodeld in Sources */ = {isa = PBXBuildFile; fileRef = F012942127D8F27C00D622B8 /* PortfolioContainer.xcdatamodeld */; };
		F012942527D8F32B00D622B8 /* PortfolioDataService.swift in Sources */ = {isa = PBXBuildFile; fileRef = F012942427D8F32B00D622B8 /* PortfolioDataService.swift */; };
		F02D03EB27E4ED500052CDAE /* DetailViewModel.swift in Sources */ = {isa = PBXBuildFile; fileRef = F02D03EA27E4ED500052CDAE /* DetailViewModel.swift */; };
		F02D03ED27E4ED930052CDAE /* CoinDetailDataService.swift in Sources */ = {isa = PBXBuildFile; fileRef = F02D03EC27E4ED930052CDAE /* CoinDetailDataService.swift */; };
		F0329D4627C055EA00263679 /* CoinImageView.swift in Sources */ = {isa = PBXBuildFile; fileRef = F0329D4527C055EA00263679 /* CoinImageView.swift */; };
		F0329D4827C0561300263679 /* CoinImageViewModel.swift in Sources */ = {isa = PBXBuildFile; fileRef = F0329D4727C0561300263679 /* CoinImageViewModel.swift */; };
		F0329D4A27C0563B00263679 /* CoinImageService.swift in Sources */ = {isa = PBXBuildFile; fileRef = F0329D4927C0563B00263679 /* CoinImageService.swift */; };
		F0599BA627E4E42700B97650 /* CoinDetailModel.swift in Sources */ = {isa = PBXBuildFile; fileRef = F0599BA527E4E42600B97650 /* CoinDetailModel.swift */; };
		F05C7EA027D2818F009BA5C1 /* CoinLogoView.swift in Sources */ = {isa = PBXBuildFile; fileRef = F05C7E9F27D2818F009BA5C1 /* CoinLogoView.swift */; };
		F065861627C6552B00BC667F /* LocalFileManager.swift in Sources */ = {isa = PBXBuildFile; fileRef = F065861527C6552B00BC667F /* LocalFileManager.swift */; };
		F065861827C905DD00BC667F /* SearchBarView.swift in Sources */ = {isa = PBXBuildFile; fileRef = F065861727C905DD00BC667F /* SearchBarView.swift */; };
		F065861A27C90B9800BC667F /* UIApplication.swift in Sources */ = {isa = PBXBuildFile; fileRef = F065861927C90B9800BC667F /* UIApplication.swift */; };
		F065861C27CCFCB200BC667F /* StatisticModel.swift in Sources */ = {isa = PBXBuildFile; fileRef = F065861B27CCFCB200BC667F /* StatisticModel.swift */; };
		F065861E27CCFE5700BC667F /* StatisticView.swift in Sources */ = {isa = PBXBuildFile; fileRef = F065861D27CCFE5700BC667F /* StatisticView.swift */; };
		F065862027CD04E700BC667F /* HomeStatsView.swift in Sources */ = {isa = PBXBuildFile; fileRef = F065861F27CD04E700BC667F /* HomeStatsView.swift */; };
		F065862227CD18E900BC667F /* MarketDataModel.swift in Sources */ = {isa = PBXBuildFile; fileRef = F065862127CD18E900BC667F /* MarketDataModel.swift */; };
		F065862427CD390900BC667F /* MarketDataService.swift in Sources */ = {isa = PBXBuildFile; fileRef = F065862327CD390900BC667F /* MarketDataService.swift */; };
		F065862627CE786E00BC667F /* PortfolioView.swift in Sources */ = {isa = PBXBuildFile; fileRef = F065862527CE786E00BC667F /* PortfolioView.swift */; };
		F065862827CE7BD600BC667F /* XMarkButton.swift in Sources */ = {isa = PBXBuildFile; fileRef = F065862727CE7BD600BC667F /* XMarkButton.swift */; };
		F09354F927C052F900654B9D /* NetworkingManager.swift in Sources */ = {isa = PBXBuildFile; fileRef = F09354F827C052F900654B9D /* NetworkingManager.swift */; };
		F099194427B2BEA6002781DB /* ScryptoApp.swift in Sources */ = {isa = PBXBuildFile; fileRef = F099194327B2BEA6002781DB /* ScryptoApp.swift */; };
		F099194627B2BEA6002781DB /* ContentView.swift in Sources */ = {isa = PBXBuildFile; fileRef = F099194527B2BEA6002781DB /* ContentView.swift */; };
		F099194B27B2BEA8002781DB /* Preview Assets.xcassets in Resources */ = {isa = PBXBuildFile; fileRef = F099194A27B2BEA8002781DB /* Preview Assets.xcassets */; };
		F099195227B2BFB4002781DB /* Assets.xcassets in Resources */ = {isa = PBXBuildFile; fileRef = F099195127B2BFB4002781DB /* Assets.xcassets */; };
		F099195527B2C204002781DB /* Color.swift in Sources */ = {isa = PBXBuildFile; fileRef = F099195427B2C204002781DB /* Color.swift */; };
		F099195C27B3F146002781DB /* HomeView.swift in Sources */ = {isa = PBXBuildFile; fileRef = F099195B27B3F146002781DB /* HomeView.swift */; };
		F099196027B3F26C002781DB /* CircleButtonView.swift in Sources */ = {isa = PBXBuildFile; fileRef = F099195F27B3F26C002781DB /* CircleButtonView.swift */; };
		F099196227B42529002781DB /* CircleButtonAnimationView.swift in Sources */ = {isa = PBXBuildFile; fileRef = F099196127B42529002781DB /* CircleButtonAnimationView.swift */; };
		F099196527B536F9002781DB /* CoinModel.swift in Sources */ = {isa = PBXBuildFile; fileRef = F099196427B536F9002781DB /* CoinModel.swift */; };
		F099196727B55807002781DB /* CoinRowView.swift in Sources */ = {isa = PBXBuildFile; fileRef = F099196627B55807002781DB /* CoinRowView.swift */; };
		F099196927B5589F002781DB /* PreviewProvider.swift in Sources */ = {isa = PBXBuildFile; fileRef = F099196827B5589F002781DB /* PreviewProvider.swift */; };
		F099196B27B56212002781DB /* Double.swift in Sources */ = {isa = PBXBuildFile; fileRef = F099196A27B56212002781DB /* Double.swift */; };
		F0E1545527DA47E400CD3D17 /* HapticManager.swift in Sources */ = {isa = PBXBuildFile; fileRef = F0E1545427DA47E300CD3D17 /* HapticManager.swift */; };
		F0F2C64C27B693C500350B0E /* HomeViewModel.swift in Sources */ = {isa = PBXBuildFile; fileRef = F0F2C64B27B693C500350B0E /* HomeViewModel.swift */; };
		F0F2C64F27B6A84F00350B0E /* CoinDataService.swift in Sources */ = {isa = PBXBuildFile; fileRef = F0F2C64E27B6A84F00350B0E /* CoinDataService.swift */; };
		F0F7B10327E28117002C7188 /* DetailView.swift in Sources */ = {isa = PBXBuildFile; fileRef = F0F7B10227E28117002C7188 /* DetailView.swift */; };
/* End PBXBuildFile section */

/* Begin PBXFileReference section */
		F012942227D8F27C00D622B8 /* PortfolioContainer.xcdatamodel */ = {isa = PBXFileReference; lastKnownFileType = wrapper.xcdatamodel; path = PortfolioContainer.xcdatamodel; sourceTree = "<group>"; };
		F012942427D8F32B00D622B8 /* PortfolioDataService.swift */ = {isa = PBXFileReference; lastKnownFileType = sourcecode.swift; path = PortfolioDataService.swift; sourceTree = "<group>"; };
		F02D03EA27E4ED500052CDAE /* DetailViewModel.swift */ = {isa = PBXFileReference; lastKnownFileType = sourcecode.swift; path = DetailViewModel.swift; sourceTree = "<group>"; };
		F02D03EC27E4ED930052CDAE /* CoinDetailDataService.swift */ = {isa = PBXFileReference; lastKnownFileType = sourcecode.swift; path = CoinDetailDataService.swift; sourceTree = "<group>"; };
		F0329D4527C055EA00263679 /* CoinImageView.swift */ = {isa = PBXFileReference; lastKnownFileType = sourcecode.swift; path = CoinImageView.swift; sourceTree = "<group>"; };
		F0329D4727C0561300263679 /* CoinImageViewModel.swift */ = {isa = PBXFileReference; lastKnownFileType = sourcecode.swift; path = CoinImageViewModel.swift; sourceTree = "<group>"; };
		F0329D4927C0563B00263679 /* CoinImageService.swift */ = {isa = PBXFileReference; lastKnownFileType = sourcecode.swift; path = CoinImageService.swift; sourceTree = "<group>"; };
		F0599BA527E4E42600B97650 /* CoinDetailModel.swift */ = {isa = PBXFileReference; lastKnownFileType = sourcecode.swift; path = CoinDetailModel.swift; sourceTree = "<group>"; };
		F05C7E9F27D2818F009BA5C1 /* CoinLogoView.swift */ = {isa = PBXFileReference; lastKnownFileType = sourcecode.swift; path = CoinLogoView.swift; sourceTree = "<group>"; };
		F065861527C6552B00BC667F /* LocalFileManager.swift */ = {isa = PBXFileReference; lastKnownFileType = sourcecode.swift; path = LocalFileManager.swift; sourceTree = "<group>"; };
		F065861727C905DD00BC667F /* SearchBarView.swift */ = {isa = PBXFileReference; lastKnownFileType = sourcecode.swift; path = SearchBarView.swift; sourceTree = "<group>"; };
		F065861927C90B9800BC667F /* UIApplication.swift */ = {isa = PBXFileReference; lastKnownFileType = sourcecode.swift; path = UIApplication.swift; sourceTree = "<group>"; };
		F065861B27CCFCB200BC667F /* StatisticModel.swift */ = {isa = PBXFileReference; lastKnownFileType = sourcecode.swift; path = StatisticModel.swift; sourceTree = "<group>"; };
		F065861D27CCFE5700BC667F /* StatisticView.swift */ = {isa = PBXFileReference; lastKnownFileType = sourcecode.swift; path = StatisticView.swift; sourceTree = "<group>"; };
		F065861F27CD04E700BC667F /* HomeStatsView.swift */ = {isa = PBXFileReference; lastKnownFileType = sourcecode.swift; path = HomeStatsView.swift; sourceTree = "<group>"; };
		F065862127CD18E900BC667F /* MarketDataModel.swift */ = {isa = PBXFileReference; lastKnownFileType = sourcecode.swift; path = MarketDataModel.swift; sourceTree = "<group>"; };
		F065862327CD390900BC667F /* MarketDataService.swift */ = {isa = PBXFileReference; lastKnownFileType = sourcecode.swift; path = MarketDataService.swift; sourceTree = "<group>"; };
		F065862527CE786E00BC667F /* PortfolioView.swift */ = {isa = PBXFileReference; lastKnownFileType = sourcecode.swift; path = PortfolioView.swift; sourceTree = "<group>"; };
		F065862727CE7BD600BC667F /* XMarkButton.swift */ = {isa = PBXFileReference; lastKnownFileType = sourcecode.swift; path = XMarkButton.swift; sourceTree = "<group>"; };
		F09354F827C052F900654B9D /* NetworkingManager.swift */ = {isa = PBXFileReference; lastKnownFileType = sourcecode.swift; path = NetworkingManager.swift; sourceTree = "<group>"; };
		F099194027B2BEA6002781DB /* Scrypto.app */ = {isa = PBXFileReference; explicitFileType = wrapper.application; includeInIndex = 0; path = Scrypto.app; sourceTree = BUILT_PRODUCTS_DIR; };
		F099194327B2BEA6002781DB /* ScryptoApp.swift */ = {isa = PBXFileReference; lastKnownFileType = sourcecode.swift; path = ScryptoApp.swift; sourceTree = "<group>"; };
		F099194527B2BEA6002781DB /* ContentView.swift */ = {isa = PBXFileReference; lastKnownFileType = sourcecode.swift; path = ContentView.swift; sourceTree = "<group>"; };
		F099194A27B2BEA8002781DB /* Preview Assets.xcassets */ = {isa = PBXFileReference; lastKnownFileType = folder.assetcatalog; path = "Preview Assets.xcassets"; sourceTree = "<group>"; };
		F099195127B2BFB4002781DB /* Assets.xcassets */ = {isa = PBXFileReference; lastKnownFileType = folder.assetcatalog; name = Assets.xcassets; path = ../../../Resources/Assets.xcassets; sourceTree = "<group>"; };
		F099195427B2C204002781DB /* Color.swift */ = {isa = PBXFileReference; lastKnownFileType = sourcecode.swift; path = Color.swift; sourceTree = "<group>"; };
		F099195B27B3F146002781DB /* HomeView.swift */ = {isa = PBXFileReference; lastKnownFileType = sourcecode.swift; path = HomeView.swift; sourceTree = "<group>"; };
		F099195F27B3F26C002781DB /* CircleButtonView.swift */ = {isa = PBXFileReference; lastKnownFileType = sourcecode.swift; path = CircleButtonView.swift; sourceTree = "<group>"; };
		F099196127B42529002781DB /* CircleButtonAnimationView.swift */ = {isa = PBXFileReference; lastKnownFileType = sourcecode.swift; path = CircleButtonAnimationView.swift; sourceTree = "<group>"; };
		F099196427B536F9002781DB /* CoinModel.swift */ = {isa = PBXFileReference; lastKnownFileType = sourcecode.swift; path = CoinModel.swift; sourceTree = "<group>"; };
		F099196627B55807002781DB /* CoinRowView.swift */ = {isa = PBXFileReference; lastKnownFileType = sourcecode.swift; path = CoinRowView.swift; sourceTree = "<group>"; };
		F099196827B5589F002781DB /* PreviewProvider.swift */ = {isa = PBXFileReference; lastKnownFileType = sourcecode.swift; path = PreviewProvider.swift; sourceTree = "<group>"; };
		F099196A27B56212002781DB /* Double.swift */ = {isa = PBXFileReference; lastKnownFileType = sourcecode.swift; path = Double.swift; sourceTree = "<group>"; };
		F0E1545427DA47E300CD3D17 /* HapticManager.swift */ = {isa = PBXFileReference; lastKnownFileType = sourcecode.swift; path = HapticManager.swift; sourceTree = "<group>"; };
		F0F2C64B27B693C500350B0E /* HomeViewModel.swift */ = {isa = PBXFileReference; lastKnownFileType = sourcecode.swift; path = HomeViewModel.swift; sourceTree = "<group>"; };
		F0F2C64E27B6A84F00350B0E /* CoinDataService.swift */ = {isa = PBXFileReference; lastKnownFileType = sourcecode.swift; path = CoinDataService.swift; sourceTree = "<group>"; };
		F0F7B10227E28117002C7188 /* DetailView.swift */ = {isa = PBXFileReference; lastKnownFileType = sourcecode.swift; path = DetailView.swift; sourceTree = "<group>"; };
/* End PBXFileReference section */

/* Begin PBXFrameworksBuildPhase section */
		F099193D27B2BEA6002781DB /* Frameworks */ = {
			isa = PBXFrameworksBuildPhase;
			buildActionMask = 2147483647;
			files = (
			);
			runOnlyForDeploymentPostprocessing = 0;
		};
/* End PBXFrameworksBuildPhase section */

/* Begin PBXGroup section */
		F0329D4427C055D200263679 /* CoinImage */ = {
			isa = PBXGroup;
			children = (
				F0329D4527C055EA00263679 /* CoinImageView.swift */,
				F0329D4727C0561300263679 /* CoinImageViewModel.swift */,
				F05C7E9F27D2818F009BA5C1 /* CoinLogoView.swift */,
			);
			path = CoinImage;
			sourceTree = "<group>";
		};
		F09354F727C052E500654B9D /* Utilities */ = {
			isa = PBXGroup;
			children = (
				F09354F827C052F900654B9D /* NetworkingManager.swift */,
				F065861527C6552B00BC667F /* LocalFileManager.swift */,
				F0E1545427DA47E300CD3D17 /* HapticManager.swift */,
			);
			path = Utilities;
			sourceTree = "<group>";
		};
		F099193727B2BEA6002781DB = {
			isa = PBXGroup;
			children = (
				F099194227B2BEA6002781DB /* Scrypto */,
				F099194127B2BEA6002781DB /* Products */,
			);
			sourceTree = "<group>";
		};
		F099194127B2BEA6002781DB /* Products */ = {
			isa = PBXGroup;
			children = (
				F099194027B2BEA6002781DB /* Scrypto.app */,
			);
			name = Products;
			sourceTree = "<group>";
		};
		F099194227B2BEA6002781DB /* Scrypto */ = {
			isa = PBXGroup;
			children = (
				F09354F727C052E500654B9D /* Utilities */,
				F0F2C64D27B6A81F00350B0E /* Services */,
				F099195327B2C1E9002781DB /* Extensions */,
				F099196327B536B3002781DB /* Models */,
				F099195627B3F0FE002781DB /* Core */,
				F099194327B2BEA6002781DB /* ScryptoApp.swift */,
				F099194527B2BEA6002781DB /* ContentView.swift */,
				F099195127B2BFB4002781DB /* Assets.xcassets */,
				F099194927B2BEA8002781DB /* Preview Content */,
			);
			path = Scrypto;
			sourceTree = "<group>";
		};
		F099194927B2BEA8002781DB /* Preview Content */ = {
			isa = PBXGroup;
			children = (
				F099194A27B2BEA8002781DB /* Preview Assets.xcassets */,
			);
			path = "Preview Content";
			sourceTree = "<group>";
		};
		F099195327B2C1E9002781DB /* Extensions */ = {
			isa = PBXGroup;
			children = (
				F099195427B2C204002781DB /* Color.swift */,
				F099196827B5589F002781DB /* PreviewProvider.swift */,
				F099196A27B56212002781DB /* Double.swift */,
				F065861927C90B9800BC667F /* UIApplication.swift */,
			);
			path = Extensions;
			sourceTree = "<group>";
		};
		F099195627B3F0FE002781DB /* Core */ = {
			isa = PBXGroup;
			children = (
				F099195D27B3F247002781DB /* Components */,
			);
			path = Core;
			sourceTree = "<group>";
		};
		F099195727B3F10E002781DB /* Home */ = {
			isa = PBXGroup;
			children = (
				F099195A27B3F12A002781DB /* ViewModels */,
				F099195827B3F11B002781DB /* Views */,
			);
			path = Home;
			sourceTree = "<group>";
		};
		F099195827B3F11B002781DB /* Views */ = {
			isa = PBXGroup;
			children = (
				F099195B27B3F146002781DB /* HomeView.swift */,
				F099196627B55807002781DB /* CoinRowView.swift */,
				F065861F27CD04E700BC667F /* HomeStatsView.swift */,
				F065862527CE786E00BC667F /* PortfolioView.swift */,
			);
			path = Views;
			sourceTree = "<group>";
		};
		F099195A27B3F12A002781DB /* ViewModels */ = {
			isa = PBXGroup;
			children = (
				F0F2C64B27B693C500350B0E /* HomeViewModel.swift */,
			);
			path = ViewModels;
			sourceTree = "<group>";
		};
		F099195D27B3F247002781DB /* Components */ = {
			isa = PBXGroup;
			children = (
				F0329D4427C055D200263679 /* CoinImage */,
				F099195727B3F10E002781DB /* Home */,
				F0F7B0FF27E2808F002C7188 /* Detail */,
				F099195E27B3F25D002781DB /* CircleButton */,
				F065861727C905DD00BC667F /* SearchBarView.swift */,
				F065861D27CCFE5700BC667F /* StatisticView.swift */,
				F065862727CE7BD600BC667F /* XMarkButton.swift */,
			);
			path = Components;
			sourceTree = "<group>";
		};
		F099195E27B3F25D002781DB /* CircleButton */ = {
			isa = PBXGroup;
			children = (
				F099195F27B3F26C002781DB /* CircleButtonView.swift */,
				F099196127B42529002781DB /* CircleButtonAnimationView.swift */,
			);
			path = CircleButton;
			sourceTree = "<group>";
		};
		F099196327B536B3002781DB /* Models */ = {
			isa = PBXGroup;
			children = (
				F099196427B536F9002781DB /* CoinModel.swift */,
				F065861B27CCFCB200BC667F /* StatisticModel.swift */,
				F065862127CD18E900BC667F /* MarketDataModel.swift */,
				F012942127D8F27C00D622B8 /* PortfolioContainer.xcdatamodeld */,
				F0599BA527E4E42600B97650 /* CoinDetailModel.swift */,
			);
			path = Models;
			sourceTree = "<group>";
		};
		F0F2C64D27B6A81F00350B0E /* Services */ = {
			isa = PBXGroup;
			children = (
				F0F2C64E27B6A84F00350B0E /* CoinDataService.swift */,
				F0329D4927C0563B00263679 /* CoinImageService.swift */,
				F065862327CD390900BC667F /* MarketDataService.swift */,
				F012942427D8F32B00D622B8 /* PortfolioDataService.swift */,
				F02D03EC27E4ED930052CDAE /* CoinDetailDataService.swift */,
			);
			path = Services;
			sourceTree = "<group>";
		};
		F0F7B0FF27E2808F002C7188 /* Detail */ = {
			isa = PBXGroup;
			children = (
				F0F7B10127E280D0002C7188 /* Views */,
				F0F7B10027E280C7002C7188 /* ViewModels */,
			);
			path = Detail;
			sourceTree = "<group>";
		};
		F0F7B10027E280C7002C7188 /* ViewModels */ = {
			isa = PBXGroup;
			children = (
				F02D03EA27E4ED500052CDAE /* DetailViewModel.swift */,
			);
			path = ViewModels;
			sourceTree = "<group>";
		};
		F0F7B10127E280D0002C7188 /* Views */ = {
			isa = PBXGroup;
			children = (
				F0F7B10227E28117002C7188 /* DetailView.swift */,
			);
			path = Views;
			sourceTree = "<group>";
		};
/* End PBXGroup section */

/* Begin PBXNativeTarget section */
		F099193F27B2BEA6002781DB /* Scrypto */ = {
			isa = PBXNativeTarget;
			buildConfigurationList = F099194E27B2BEA8002781DB /* Build configuration list for PBXNativeTarget "Scrypto" */;
			buildPhases = (
				F099193C27B2BEA6002781DB /* Sources */,
				F099193D27B2BEA6002781DB /* Frameworks */,
				F099193E27B2BEA6002781DB /* Resources */,
			);
			buildRules = (
			);
			dependencies = (
			);
			name = Scrypto;
			productName = Scrypto;
			productReference = F099194027B2BEA6002781DB /* Scrypto.app */;
			productType = "com.apple.product-type.application";
		};
/* End PBXNativeTarget section */

/* Begin PBXProject section */
		F099193827B2BEA6002781DB /* Project object */ = {
			isa = PBXProject;
			attributes = {
				BuildIndependentTargetsInParallel = 1;
				LastSwiftUpdateCheck = 1320;
				LastUpgradeCheck = 1320;
				TargetAttributes = {
					F099193F27B2BEA6002781DB = {
						CreatedOnToolsVersion = 13.2.1;
					};
				};
			};
			buildConfigurationList = F099193B27B2BEA6002781DB /* Build configuration list for PBXProject "Scrypto" */;
			compatibilityVersion = "Xcode 13.0";
			developmentRegion = en;
			hasScannedForEncodings = 0;
			knownRegions = (
				en,
				Base,
			);
			mainGroup = F099193727B2BEA6002781DB;
			productRefGroup = F099194127B2BEA6002781DB /* Products */;
			projectDirPath = "";
			projectRoot = "";
			targets = (
				F099193F27B2BEA6002781DB /* Scrypto */,
			);
		};
/* End PBXProject section */

/* Begin PBXResourcesBuildPhase section */
		F099193E27B2BEA6002781DB /* Resources */ = {
			isa = PBXResourcesBuildPhase;
			buildActionMask = 2147483647;
			files = (
				F099194B27B2BEA8002781DB /* Preview Assets.xcassets in Resources */,
				F099195227B2BFB4002781DB /* Assets.xcassets in Resources */,
			);
			runOnlyForDeploymentPostprocessing = 0;
		};
/* End PBXResourcesBuildPhase section */

/* Begin PBXSourcesBuildPhase section */
		F099193C27B2BEA6002781DB /* Sources */ = {
			isa = PBXSourcesBuildPhase;
			buildActionMask = 2147483647;
			files = (
				F012942327D8F27C00D622B8 /* PortfolioContainer.xcdatamodeld in Sources */,
				F065861C27CCFCB200BC667F /* StatisticModel.swift in Sources */,
				F0599BA627E4E42700B97650 /* CoinDetailModel.swift in Sources */,
				F0329D4827C0561300263679 /* CoinImageViewModel.swift in Sources */,
				F0F2C64F27B6A84F00350B0E /* CoinDataService.swift in Sources */,
				F065862827CE7BD600BC667F /* XMarkButton.swift in Sources */,
				F099196727B55807002781DB /* CoinRowView.swift in Sources */,
				F0F2C64C27B693C500350B0E /* HomeViewModel.swift in Sources */,
				F065861627C6552B00BC667F /* LocalFileManager.swift in Sources */,
				F065862227CD18E900BC667F /* MarketDataModel.swift in Sources */,
				F099194627B2BEA6002781DB /* ContentView.swift in Sources */,
				F065861E27CCFE5700BC667F /* StatisticView.swift in Sources */,
				F099195C27B3F146002781DB /* HomeView.swift in Sources */,
				F0329D4627C055EA00263679 /* CoinImageView.swift in Sources */,
				F065861A27C90B9800BC667F /* UIApplication.swift in Sources */,
				F099194427B2BEA6002781DB /* ScryptoApp.swift in Sources */,
				F099196027B3F26C002781DB /* CircleButtonView.swift in Sources */,
				F0F7B10327E28117002C7188 /* DetailView.swift in Sources */,
				F0E1545527DA47E400CD3D17 /* HapticManager.swift in Sources */,
				F065861827C905DD00BC667F /* SearchBarView.swift in Sources */,
				F099195527B2C204002781DB /* Color.swift in Sources */,
				F05C7EA027D2818F009BA5C1 /* CoinLogoView.swift in Sources */,
				F065862027CD04E700BC667F /* HomeStatsView.swift in Sources */,
				F065862427CD390900BC667F /* MarketDataService.swift in Sources */,
				F09354F927C052F900654B9D /* NetworkingManager.swift in Sources */,
				F099196227B42529002781DB /* CircleButtonAnimationView.swift in Sources */,
				F099196927B5589F002781DB /* PreviewProvider.swift in Sources */,
				F065862627CE786E00BC667F /* PortfolioView.swift in Sources */,
				F099196B27B56212002781DB /* Double.swift in Sources */,
				F0329D4A27C0563B00263679 /* CoinImageService.swift in Sources */,
				F099196527B536F9002781DB /* CoinModel.swift in Sources */,
				F02D03ED27E4ED930052CDAE /* CoinDetailDataService.swift in Sources */,
				F02D03EB27E4ED500052CDAE /* DetailViewModel.swift in Sources */,
				F012942527D8F32B00D622B8 /* PortfolioDataService.swift in Sources */,
			);
			runOnlyForDeploymentPostprocessing = 0;
		};
/* End PBXSourcesBuildPhase section */

/* Begin XCBuildConfiguration section */
		F099194C27B2BEA8002781DB /* Debug */ = {
			isa = XCBuildConfiguration;
			buildSettings = {
				ALWAYS_SEARCH_USER_PATHS = NO;
				CLANG_ANALYZER_NONNULL = YES;
				CLANG_ANALYZER_NUMBER_OBJECT_CONVERSION = YES_AGGRESSIVE;
				CLANG_CXX_LANGUAGE_STANDARD = "gnu++17";
				CLANG_CXX_LIBRARY = "libc++";
				CLANG_ENABLE_MODULES = YES;
				CLANG_ENABLE_OBJC_ARC = YES;
				CLANG_ENABLE_OBJC_WEAK = YES;
				CLANG_WARN_BLOCK_CAPTURE_AUTORELEASING = YES;
				CLANG_WARN_BOOL_CONVERSION = YES;
				CLANG_WARN_COMMA = YES;
				CLANG_WARN_CONSTANT_CONVERSION = YES;
				CLANG_WARN_DEPRECATED_OBJC_IMPLEMENTATIONS = YES;
				CLANG_WARN_DIRECT_OBJC_ISA_USAGE = YES_ERROR;
				CLANG_WARN_DOCUMENTATION_COMMENTS = YES;
				CLANG_WARN_EMPTY_BODY = YES;
				CLANG_WARN_ENUM_CONVERSION = YES;
				CLANG_WARN_INFINITE_RECURSION = YES;
				CLANG_WARN_INT_CONVERSION = YES;
				CLANG_WARN_NON_LITERAL_NULL_CONVERSION = YES;
				CLANG_WARN_OBJC_IMPLICIT_RETAIN_SELF = YES;
				CLANG_WARN_OBJC_LITERAL_CONVERSION = YES;
				CLANG_WARN_OBJC_ROOT_CLASS = YES_ERROR;
				CLANG_WARN_QUOTED_INCLUDE_IN_FRAMEWORK_HEADER = YES;
				CLANG_WARN_RANGE_LOOP_ANALYSIS = YES;
				CLANG_WARN_STRICT_PROTOTYPES = YES;
				CLANG_WARN_SUSPICIOUS_MOVE = YES;
				CLANG_WARN_UNGUARDED_AVAILABILITY = YES_AGGRESSIVE;
				CLANG_WARN_UNREACHABLE_CODE = YES;
				CLANG_WARN__DUPLICATE_METHOD_MATCH = YES;
				COPY_PHASE_STRIP = NO;
				DEBUG_INFORMATION_FORMAT = dwarf;
				ENABLE_STRICT_OBJC_MSGSEND = YES;
				ENABLE_TESTABILITY = YES;
				GCC_C_LANGUAGE_STANDARD = gnu11;
				GCC_DYNAMIC_NO_PIC = NO;
				GCC_NO_COMMON_BLOCKS = YES;
				GCC_OPTIMIZATION_LEVEL = 0;
				GCC_PREPROCESSOR_DEFINITIONS = (
					"DEBUG=1",
					"$(inherited)",
				);
				GCC_WARN_64_TO_32_BIT_CONVERSION = YES;
				GCC_WARN_ABOUT_RETURN_TYPE = YES_ERROR;
				GCC_WARN_UNDECLARED_SELECTOR = YES;
				GCC_WARN_UNINITIALIZED_AUTOS = YES_AGGRESSIVE;
				GCC_WARN_UNUSED_FUNCTION = YES;
				GCC_WARN_UNUSED_VARIABLE = YES;
				IPHONEOS_DEPLOYMENT_TARGET = 15.2;
				MTL_ENABLE_DEBUG_INFO = INCLUDE_SOURCE;
				MTL_FAST_MATH = YES;
				ONLY_ACTIVE_ARCH = YES;
				SDKROOT = iphoneos;
				SWIFT_ACTIVE_COMPILATION_CONDITIONS = DEBUG;
				SWIFT_OPTIMIZATION_LEVEL = "-Onone";
			};
			name = Debug;
		};
		F099194D27B2BEA8002781DB /* Release */ = {
			isa = XCBuildConfiguration;
			buildSettings = {
				ALWAYS_SEARCH_USER_PATHS = NO;
				CLANG_ANALYZER_NONNULL = YES;
				CLANG_ANALYZER_NUMBER_OBJECT_CONVERSION = YES_AGGRESSIVE;
				CLANG_CXX_LANGUAGE_STANDARD = "gnu++17";
				CLANG_CXX_LIBRARY = "libc++";
				CLANG_ENABLE_MODULES = YES;
				CLANG_ENABLE_OBJC_ARC = YES;
				CLANG_ENABLE_OBJC_WEAK = YES;
				CLANG_WARN_BLOCK_CAPTURE_AUTORELEASING = YES;
				CLANG_WARN_BOOL_CONVERSION = YES;
				CLANG_WARN_COMMA = YES;
				CLANG_WARN_CONSTANT_CONVERSION = YES;
				CLANG_WARN_DEPRECATED_OBJC_IMPLEMENTATIONS = YES;
				CLANG_WARN_DIRECT_OBJC_ISA_USAGE = YES_ERROR;
				CLANG_WARN_DOCUMENTATION_COMMENTS = YES;
				CLANG_WARN_EMPTY_BODY = YES;
				CLANG_WARN_ENUM_CONVERSION = YES;
				CLANG_WARN_INFINITE_RECURSION = YES;
				CLANG_WARN_INT_CONVERSION = YES;
				CLANG_WARN_NON_LITERAL_NULL_CONVERSION = YES;
				CLANG_WARN_OBJC_IMPLICIT_RETAIN_SELF = YES;
				CLANG_WARN_OBJC_LITERAL_CONVERSION = YES;
				CLANG_WARN_OBJC_ROOT_CLASS = YES_ERROR;
				CLANG_WARN_QUOTED_INCLUDE_IN_FRAMEWORK_HEADER = YES;
				CLANG_WARN_RANGE_LOOP_ANALYSIS = YES;
				CLANG_WARN_STRICT_PROTOTYPES = YES;
				CLANG_WARN_SUSPICIOUS_MOVE = YES;
				CLANG_WARN_UNGUARDED_AVAILABILITY = YES_AGGRESSIVE;
				CLANG_WARN_UNREACHABLE_CODE = YES;
				CLANG_WARN__DUPLICATE_METHOD_MATCH = YES;
				COPY_PHASE_STRIP = NO;
				DEBUG_INFORMATION_FORMAT = "dwarf-with-dsym";
				ENABLE_NS_ASSERTIONS = NO;
				ENABLE_STRICT_OBJC_MSGSEND = YES;
				GCC_C_LANGUAGE_STANDARD = gnu11;
				GCC_NO_COMMON_BLOCKS = YES;
				GCC_WARN_64_TO_32_BIT_CONVERSION = YES;
				GCC_WARN_ABOUT_RETURN_TYPE = YES_ERROR;
				GCC_WARN_UNDECLARED_SELECTOR = YES;
				GCC_WARN_UNINITIALIZED_AUTOS = YES_AGGRESSIVE;
				GCC_WARN_UNUSED_FUNCTION = YES;
				GCC_WARN_UNUSED_VARIABLE = YES;
				IPHONEOS_DEPLOYMENT_TARGET = 15.2;
				MTL_ENABLE_DEBUG_INFO = NO;
				MTL_FAST_MATH = YES;
				SDKROOT = iphoneos;
				SWIFT_COMPILATION_MODE = wholemodule;
				SWIFT_OPTIMIZATION_LEVEL = "-O";
				VALIDATE_PRODUCT = YES;
			};
			name = Release;
		};
		F099194F27B2BEA8002781DB /* Debug */ = {
			isa = XCBuildConfiguration;
			buildSettings = {
				ASSETCATALOG_COMPILER_APPICON_NAME = AppIcon;
				ASSETCATALOG_COMPILER_GLOBAL_ACCENT_COLOR_NAME = AccentColor;
				CODE_SIGN_STYLE = Automatic;
				CURRENT_PROJECT_VERSION = 1;
				DEVELOPMENT_ASSET_PATHS = "\"Scrypto/Preview Content\"";
				DEVELOPMENT_TEAM = V4H8WGK6Y5;
				ENABLE_PREVIEWS = YES;
				GENERATE_INFOPLIST_FILE = YES;
				INFOPLIST_KEY_UIApplicationSceneManifest_Generation = YES;
				INFOPLIST_KEY_UIApplicationSupportsIndirectInputEvents = YES;
				INFOPLIST_KEY_UILaunchScreen_Generation = YES;
				INFOPLIST_KEY_UISupportedInterfaceOrientations = UIInterfaceOrientationPortrait;
				INFOPLIST_KEY_UISupportedInterfaceOrientations_iPad = "UIInterfaceOrientationPortrait UIInterfaceOrientationPortraitUpsideDown UIInterfaceOrientationLandscapeLeft UIInterfaceOrientationLandscapeRight";
				INFOPLIST_KEY_UISupportedInterfaceOrientations_iPhone = "UIInterfaceOrientationPortrait UIInterfaceOrientationLandscapeLeft UIInterfaceOrientationLandscapeRight";
				LD_RUNPATH_SEARCH_PATHS = (
					"$(inherited)",
					"@executable_path/Frameworks",
				);
				MARKETING_VERSION = 1.0;
				PRODUCT_BUNDLE_IDENTIFIER = com.kmitina.Scrypto;
				PRODUCT_NAME = "$(TARGET_NAME)";
				SWIFT_EMIT_LOC_STRINGS = YES;
				SWIFT_VERSION = 5.0;
				TARGETED_DEVICE_FAMILY = "1,2";
			};
			name = Debug;
		};
		F099195027B2BEA8002781DB /* Release */ = {
			isa = XCBuildConfiguration;
			buildSettings = {
				ASSETCATALOG_COMPILER_APPICON_NAME = AppIcon;
				ASSETCATALOG_COMPILER_GLOBAL_ACCENT_COLOR_NAME = AccentColor;
				CODE_SIGN_STYLE = Automatic;
				CURRENT_PROJECT_VERSION = 1;
				DEVELOPMENT_ASSET_PATHS = "\"Scrypto/Preview Content\"";
				DEVELOPMENT_TEAM = V4H8WGK6Y5;
				ENABLE_PREVIEWS = YES;
				GENERATE_INFOPLIST_FILE = YES;
				INFOPLIST_KEY_UIApplicationSceneManifest_Generation = YES;
				INFOPLIST_KEY_UIApplicationSupportsIndirectInputEvents = YES;
				INFOPLIST_KEY_UILaunchScreen_Generation = YES;
				INFOPLIST_KEY_UISupportedInterfaceOrientations = UIInterfaceOrientationPortrait;
				INFOPLIST_KEY_UISupportedInterfaceOrientations_iPad = "UIInterfaceOrientationPortrait UIInterfaceOrientationPortraitUpsideDown UIInterfaceOrientationLandscapeLeft UIInterfaceOrientationLandscapeRight";
				INFOPLIST_KEY_UISupportedInterfaceOrientations_iPhone = "UIInterfaceOrientationPortrait UIInterfaceOrientationLandscapeLeft UIInterfaceOrientationLandscapeRight";
				LD_RUNPATH_SEARCH_PATHS = (
					"$(inherited)",
					"@executable_path/Frameworks",
				);
				MARKETING_VERSION = 1.0;
				PRODUCT_BUNDLE_IDENTIFIER = com.kmitina.Scrypto;
				PRODUCT_NAME = "$(TARGET_NAME)";
				SWIFT_EMIT_LOC_STRINGS = YES;
				SWIFT_VERSION = 5.0;
				TARGETED_DEVICE_FAMILY = "1,2";
			};
			name = Release;
		};
/* End XCBuildConfiguration section */

/* Begin XCConfigurationList section */
		F099193B27B2BEA6002781DB /* Build configuration list for PBXProject "Scrypto" */ = {
			isa = XCConfigurationList;
			buildConfigurations = (
				F099194C27B2BEA8002781DB /* Debug */,
				F099194D27B2BEA8002781DB /* Release */,
			);
			defaultConfigurationIsVisible = 0;
			defaultConfigurationName = Release;
		};
		F099194E27B2BEA8002781DB /* Build configuration list for PBXNativeTarget "Scrypto" */ = {
			isa = XCConfigurationList;
			buildConfigurations = (
				F099194F27B2BEA8002781DB /* Debug */,
				F099195027B2BEA8002781DB /* Release */,
			);
			defaultConfigurationIsVisible = 0;
			defaultConfigurationName = Release;
		};
/* End XCConfigurationList section */

/* Begin XCVersionGroup section */
		F012942127D8F27C00D622B8 /* PortfolioContainer.xcdatamodeld */ = {
			isa = XCVersionGroup;
			children = (
				F012942227D8F27C00D622B8 /* PortfolioContainer.xcdatamodel */,
			);
			currentVersion = F012942227D8F27C00D622B8 /* PortfolioContainer.xcdatamodel */;
			path = PortfolioContainer.xcdatamodeld;
			sourceTree = "<group>";
			versionGroupType = wrapper.xcdatamodel;
		};
/* End XCVersionGroup section */
	};
	rootObject = F099193827B2BEA6002781DB /* Project object */;
}
